
Microsoft Visual Studio Solution File, Format Version 12.00
# Visual Studio 14
VisualStudioVersion = 14.0.25123.0
MinimumVisualStudioVersion = 10.0.40219.1
Project("{FAE04EC0-301F-11D3-BF4B-00C04F79EFBC}") = "FluentValidation.Configuration", "FluentValidation.Configuration\FluentValidation.Configuration.csproj", "{A6FB419A-5637-428D-B12D-1B1C9C0EA3D7}"
EndProject
Project("{FAE04EC0-301F-11D3-BF4B-00C04F79EFBC}") = "FluentValidation.Configuration.Tests", "FluentValidation.Configuration.Tests\FluentValidation.Configuration.Tests.csproj", "{AB729FA7-4BAC-4382-AECF-616634C0C0A6}"
EndProject
Project("{2150E333-8FDC-42A3-9474-1A3956D46DE8}") = ".build", ".build", "{093D4FBD-C61C-4AE6-99A5-2679F9E118A6}"
	ProjectSection(SolutionItems) = preProject
		.build\build.proj = .build\build.proj
		.build\deploy.ps1 = .build\deploy.ps1
		.build\pack-publish.ps1 = .build\pack-publish.ps1
		.build\run-tests.ps1 = .build\run-tests.ps1
	EndProjectSection
EndProject
Project("{2150E333-8FDC-42A3-9474-1A3956D46DE8}") = ".nuget", ".nuget", "{AED59595-EBBA-4C71-A385-8F3A07FBB956}"
	ProjectSection(SolutionItems) = preProject
		.nuget\nuget.exe = .nuget\nuget.exe
	EndProjectSection
EndProject
Global
	GlobalSection(SolutionConfigurationPlatforms) = preSolution
		Debug|Any CPU = Debug|Any CPU
		Release|Any CPU = Release|Any CPU
	EndGlobalSection
	GlobalSection(ProjectConfigurationPlatforms) = postSolution
		{A6FB419A-5637-428D-B12D-1B1C9C0EA3D7}.Debug|Any CPU.ActiveCfg = Debug|Any CPU
		{A6FB419A-5637-428D-B12D-1B1C9C0EA3D7}.Debug|Any CPU.Build.0 = Debug|Any CPU
		{A6FB419A-5637-428D-B12D-1B1C9C0EA3D7}.Release|Any CPU.ActiveCfg = Release|Any CPU
		{A6FB419A-5637-428D-B12D-1B1C9C0EA3D7}.Release|Any CPU.Build.0 = Release|Any CPU
		{AB729FA7-4BAC-4382-AECF-616634C0C0A6}.Debug|Any CPU.ActiveCfg = Debug|Any CPU
		{AB729FA7-4BAC-4382-AECF-616634C0C0A6}.Debug|Any CPU.Build.0 = Debug|Any CPU
		{AB729FA7-4BAC-4382-AECF-616634C0C0A6}.Release|Any CPU.ActiveCfg = Release|Any CPU
		{AB729FA7-4BAC-4382-AECF-616634C0C0A6}.Release|Any CPU.Build.0 = Release|Any CPU
	EndGlobalSection
	GlobalSection(SolutionProperties) = preSolution
		HideSolutionNode = FALSE
	EndGlobalSection
EndGlobal
